// !$*UTF8*$!
{
	archiveVersion = 1;
	classes = {
	};
	objectVersion = 50;
	objects = {

/* Begin PBXBuildFile section */
		F1761C8521654FD900AC5551 /* AppDelegate.swift in Sources */ = {isa = PBXBuildFile; fileRef = F1761C8421654FD900AC5551 /* AppDelegate.swift */; };
		F1761C8721654FD900AC5551 /* ViewController.swift in Sources */ = {isa = PBXBuildFile; fileRef = F1761C8621654FD900AC5551 /* ViewController.swift */; };
		F1761C8A21654FD900AC5551 /* Main.storyboard in Resources */ = {isa = PBXBuildFile; fileRef = F1761C8821654FD900AC5551 /* Main.storyboard */; };
		F1761C8C21654FDA00AC5551 /* Assets.xcassets in Resources */ = {isa = PBXBuildFile; fileRef = F1761C8B21654FDA00AC5551 /* Assets.xcassets */; };
		F1761C8F21654FDA00AC5551 /* LaunchScreen.storyboard in Resources */ = {isa = PBXBuildFile; fileRef = F1761C8D21654FDA00AC5551 /* LaunchScreen.storyboard */; };
/* End PBXBuildFile section */

/* Begin PBXFileReference section */
		F1761C8121654FD900AC5551 /* Scatter and Gather Annimations.app */ = {isa = PBXFileReference; explicitFileType = wrapper.application; includeInIndex = 0; path = "Scatter and Gather Annimations.app"; sourceTree = BUILT_PRODUCTS_DIR; };
		F1761C8421654FD900AC5551 /* AppDelegate.swift */ = {isa = PBXFileReference; lastKnownFileType = sourcecode.swift; path = AppDelegate.swift; sourceTree = "<group>"; };
		F1761C8621654FD900AC5551 /* ViewController.swift */ = {isa = PBXFileReference; lastKnownFileType = sourcecode.swift; path = ViewController.swift; sourceTree = "<group>"; };
		F1761C8921654FD900AC5551 /* Base */ = {isa = PBXFileReference; lastKnownFileType = file.storyboard; name = Base; path = Base.lproj/Main.storyboard; sourceTree = "<group>"; };
		F1761C8B21654FDA00AC5551 /* Assets.xcassets */ = {isa = PBXFileReference; lastKnownFileType = folder.assetcatalog; path = Assets.xcassets; sourceTree = "<group>"; };
		F1761C8E21654FDA00AC5551 /* Base */ = {isa = PBXFileReference; lastKnownFileType = file.storyboard; name = Base; path = Base.lproj/LaunchScreen.storyboard; sourceTree = "<group>"; };
		F1761C9021654FDA00AC5551 /* Info.plist */ = {isa = PBXFileReference; lastKnownFileType = text.plist.xml; path = Info.plist; sourceTree = "<group>"; };
/* End PBXFileReference section */

/* Begin PBXFrameworksBuildPhase section */
		F1761C7E21654FD900AC5551 /* Frameworks */ = {
			isa = PBXFrameworksBuildPhase;
			buildActionMask = 2147483647;
			files = (
			);
			runOnlyForDeploymentPostprocessing = 0;
		};
/* End PBXFrameworksBuildPhase section */

/* Begin PBXGroup section */
		F1761C7821654FD900AC5551 = {
			isa = PBXGroup;
			children = (
				F1761C8321654FD900AC5551 /* Scatter and Gather Annimations */,
				F1761C8221654FD900AC5551 /* Products */,
			);
			sourceTree = "<group>";
		};
		F1761C8221654FD900AC5551 /* Products */ = {
			isa = PBXGroup;
			children = (
				F1761C8121654FD900AC5551 /* Scatter and Gather Annimations.app */,
			);
			name = Products;
			sourceTree = "<group>";
		};
		F1761C8321654FD900AC5551 /* Scatter and Gather Annimations */ = {
			isa = PBXGroup;
			children = (
				F1761C8621654FD900AC5551 /* ViewController.swift */,
				F1761C972165520D00AC5551 /* Storyboards */,
				F1761C96216551D000AC5551 /* Resources */,
			);
			path = "Scatter and Gather Annimations";
			sourceTree = "<group>";
		};
		F1761C96216551D000AC5551 /* Resources */ = {
			isa = PBXGroup;
			children = (
				F1761C8421654FD900AC5551 /* AppDelegate.swift */,
				F1761C8B21654FDA00AC5551 /* Assets.xcassets */,
				F1761C9021654FDA00AC5551 /* Info.plist */,
			);
			path = Resources;
			sourceTree = "<group>";
		};
		F1761C972165520D00AC5551 /* Storyboards */ = {
			isa = PBXGroup;
			children = (
				F1761C8821654FD900AC5551 /* Main.storyboard */,
				F1761C8D21654FDA00AC5551 /* LaunchScreen.storyboard */,
			);
			path = Storyboards;
			sourceTree = "<group>";
		};
/* End PBXGroup section */

/* Begin PBXNativeTarget section */
		F1761C8021654FD900AC5551 /* Scatter and Gather Annimations */ = {
			isa = PBXNativeTarget;
			buildConfigurationList = F1761C9321654FDA00AC5551 /* Build configuration list for PBXNativeTarget "Scatter and Gather Annimations" */;
			buildPhases = (
				F1761C7D21654FD900AC5551 /* Sources */,
				F1761C7E21654FD900AC5551 /* Frameworks */,
				F1761C7F21654FD900AC5551 /* Resources */,
			);
			buildRules = (
			);
			dependencies = (
			);
			name = "Scatter and Gather Annimations";
			productName = "Scatter and Gather Annimations";
			productReference = F1761C8121654FD900AC5551 /* Scatter and Gather Annimations.app */;
			productType = "com.apple.product-type.application";
		};
/* End PBXNativeTarget section */

/* Begin PBXProject section */
		F1761C7921654FD900AC5551 /* Project object */ = {
			isa = PBXProject;
			attributes = {
				LastSwiftUpdateCheck = 1000;
				LastUpgradeCheck = 1000;
				ORGANIZATIONNAME = "Scott Bennett";
				TargetAttributes = {
					F1761C8021654FD900AC5551 = {
						CreatedOnToolsVersion = 10.0;
					};
				};
			};
			buildConfigurationList = F1761C7C21654FD900AC5551 /* Build configuration list for PBXProject "Scatter and Gather Annimations" */;
			compatibilityVersion = "Xcode 9.3";
			developmentRegion = en;
			hasScannedForEncodings = 0;
			knownRegions = (
				en,
				Base,
			);
			mainGroup = F1761C7821654FD900AC5551;
			productRefGroup = F1761C8221654FD900AC5551 /* Products */;
			projectDirPath = "";
			projectRoot = "";
			targets = (
				F1761C8021654FD900AC5551 /* Scatter and Gather Annimations */,
			);
		};
/* End PBXProject section */

/* Begin PBXResourcesBuildPhase section */
		F1761C7F21654FD900AC5551 /* Resources */ = {
			isa = PBXResourcesBuildPhase;
			buildActionMask = 2147483647;
			files = (
				F1761C8F21654FDA00AC5551 /* LaunchScreen.storyboard in Resources */,
				F1761C8C21654FDA00AC5551 /* Assets.xcassets in Resources */,
				F1761C8A21654FD900AC5551 /* Main.storyboard in Resources */,
			);
			runOnlyForDeploymentPostprocessing = 0;
		};
/* End PBXResourcesBuildPhase section */

/* Begin PBXSourcesBuildPhase section */
		F1761C7D21654FD900AC5551 /* Sources */ = {
			isa = PBXSourcesBuildPhase;
			buildActionMask = 2147483647;
			files = (
				F1761C8721654FD900AC5551 /* ViewController.swift in Sources */,
				F1761C8521654FD900AC5551 /* AppDelegate.swift in Sources */,
			);
			runOnlyForDeploymentPostprocessing = 0;
		};
/* End PBXSourcesBuildPhase section */

/* Begin PBXVariantGroup section */
		F1761C8821654FD900AC5551 /* Main.storyboard */ = {
			isa = PBXVariantGroup;
			children = (
				F1761C8921654FD900AC5551 /* Base */,
			);
			name = Main.storyboard;
			sourceTree = "<group>";
		};
		F1761C8D21654FDA00AC5551 /* LaunchScreen.storyboard */ = {
			isa = PBXVariantGroup;
			children = (
				F1761C8E21654FDA00AC5551 /* Base */,
			);
			name = LaunchScreen.storyboard;
			sourceTree = "<group>";
		};
/* End PBXVariantGroup section */

/* Begin XCBuildConfiguration section */
		F1761C9121654FDA00AC5551 /* Debug */ = {
			isa = XCBuildConfiguration;
			buildSettings = {
				ALWAYS_SEARCH_USER_PATHS = NO;
				CLANG_ANALYZER_NONNULL = YES;
				CLANG_ANALYZER_NUMBER_OBJECT_CONVERSION = YES_AGGRESSIVE;
				CLANG_CXX_LANGUAGE_STANDARD = "gnu++14";
				CLANG_CXX_LIBRARY = "libc++";
				CLANG_ENABLE_MODULES = YES;
				CLANG_ENABLE_OBJC_ARC = YES;
				CLANG_ENABLE_OBJC_WEAK = YES;
				CLANG_WARN_BLOCK_CAPTURE_AUTORELEASING = YES;
				CLANG_WARN_BOOL_CONVERSION = YES;
				CLANG_WARN_COMMA = YES;
				CLANG_WARN_CONSTANT_CONVERSION = YES;
				CLANG_WARN_DEPRECATED_OBJC_IMPLEMENTATIONS = YES;
				CLANG_WARN_DIRECT_OBJC_ISA_USAGE = YES_ERROR;
				CLANG_WARN_DOCUMENTATION_COMMENTS = YES;
				CLANG_WARN_EMPTY_BODY = YES;
				CLANG_WARN_ENUM_CONVERSION = YES;
				CLANG_WARN_INFINITE_RECURSION = YES;
				CLANG_WARN_INT_CONVERSION = YES;
				CLANG_WARN_NON_LITERAL_NULL_CONVERSION = YES;
				CLANG_WARN_OBJC_IMPLICIT_RETAIN_SELF = YES;
				CLANG_WARN_OBJC_LITERAL_CONVERSION = YES;
				CLANG_WARN_OBJC_ROOT_CLASS = YES_ERROR;
				CLANG_WARN_RANGE_LOOP_ANALYSIS = YES;
				CLANG_WARN_STRICT_PROTOTYPES = YES;
				CLANG_WARN_SUSPICIOUS_MOVE = YES;
				CLANG_WARN_UNGUARDED_AVAILABILITY = YES_AGGRESSIVE;
				CLANG_WARN_UNREACHABLE_CODE = YES;
				CLANG_WARN__DUPLICATE_METHOD_MATCH = YES;
				CODE_SIGN_IDENTITY = "iPhone Developer";
				COPY_PHASE_STRIP = NO;
				DEBUG_INFORMATION_FORMAT = dwarf;
				ENABLE_STRICT_OBJC_MSGSEND = YES;
				ENABLE_TESTABILITY = YES;
				GCC_C_LANGUAGE_STANDARD = gnu11;
				GCC_DYNAMIC_NO_PIC = NO;
				GCC_NO_COMMON_BLOCKS = YES;
				GCC_OPTIMIZATION_LEVEL = 0;
				GCC_PREPROCESSOR_DEFINITIONS = (
					"DEBUG=1",
					"$(inherited)",
				);
				GCC_WARN_64_TO_32_BIT_CONVERSION = YES;
				GCC_WARN_ABOUT_RETURN_TYPE = YES_ERROR;
				GCC_WARN_UNDECLARED_SELECTOR = YES;
				GCC_WARN_UNINITIALIZED_AUTOS = YES_AGGRESSIVE;
				GCC_WARN_UNUSED_FUNCTION = YES;
				GCC_WARN_UNUSED_VARIABLE = YES;
				IPHONEOS_DEPLOYMENT_TARGET = 12.0;
				MTL_ENABLE_DEBUG_INFO = INCLUDE_SOURCE;
				MTL_FAST_MATH = YES;
				ONLY_ACTIVE_ARCH = YES;
				SDKROOT = iphoneos;
				SWIFT_ACTIVE_COMPILATION_CONDITIONS = DEBUG;
				SWIFT_OPTIMIZATION_LEVEL = "-Onone";
			};
			name = Debug;
		};
		F1761C9221654FDA00AC5551 /* Release */ = {
			isa = XCBuildConfiguration;
			buildSettings = {
				ALWAYS_SEARCH_USER_PATHS = NO;
				CLANG_ANALYZER_NONNULL = YES;
				CLANG_ANALYZER_NUMBER_OBJECT_CONVERSION = YES_AGGRESSIVE;
				CLANG_CXX_LANGUAGE_STANDARD = "gnu++14";
				CLANG_CXX_LIBRARY = "libc++";
				CLANG_ENABLE_MODULES = YES;
				CLANG_ENABLE_OBJC_ARC = YES;
				CLANG_ENABLE_OBJC_WEAK = YES;
				CLANG_WARN_BLOCK_CAPTURE_AUTORELEASING = YES;
				CLANG_WARN_BOOL_CONVERSION = YES;
				CLANG_WARN_COMMA = YES;
				CLANG_WARN_CONSTANT_CONVERSION = YES;
				CLANG_WARN_DEPRECATED_OBJC_IMPLEMENTATIONS = YES;
				CLANG_WARN_DIRECT_OBJC_ISA_USAGE = YES_ERROR;
				CLANG_WARN_DOCUMENTATION_COMMENTS = YES;
				CLANG_WARN_EMPTY_BODY = YES;
				CLANG_WARN_ENUM_CONVERSION = YES;
				CLANG_WARN_INFINITE_RECURSION = YES;
				CLANG_WARN_INT_CONVERSION = YES;
				CLANG_WARN_NON_LITERAL_NULL_CONVERSION = YES;
				CLANG_WARN_OBJC_IMPLICIT_RETAIN_SELF = YES;
				CLANG_WARN_OBJC_LITERAL_CONVERSION = YES;
				CLANG_WARN_OBJC_ROOT_CLASS = YES_ERROR;
				CLANG_WARN_RANGE_LOOP_ANALYSIS = YES;
				CLANG_WARN_STRICT_PROTOTYPES = YES;
				CLANG_WARN_SUSPICIOUS_MOVE = YES;
				CLANG_WARN_UNGUARDED_AVAILABILITY = YES_AGGRESSIVE;
				CLANG_WARN_UNREACHABLE_CODE = YES;
				CLANG_WARN__DUPLICATE_METHOD_MATCH = YES;
				CODE_SIGN_IDENTITY = "iPhone Developer";
				COPY_PHASE_STRIP = NO;
				DEBUG_INFORMATION_FORMAT = "dwarf-with-dsym";
				ENABLE_NS_ASSERTIONS = NO;
				ENABLE_STRICT_OBJC_MSGSEND = YES;
				GCC_C_LANGUAGE_STANDARD = gnu11;
				GCC_NO_COMMON_BLOCKS = YES;
				GCC_WARN_64_TO_32_BIT_CONVERSION = YES;
				GCC_WARN_ABOUT_RETURN_TYPE = YES_ERROR;
				GCC_WARN_UNDECLARED_SELECTOR = YES;
				GCC_WARN_UNINITIALIZED_AUTOS = YES_AGGRESSIVE;
				GCC_WARN_UNUSED_FUNCTION = YES;
				GCC_WARN_UNUSED_VARIABLE = YES;
				IPHONEOS_DEPLOYMENT_TARGET = 12.0;
				MTL_ENABLE_DEBUG_INFO = NO;
				MTL_FAST_MATH = YES;
				SDKROOT = iphoneos;
				SWIFT_COMPILATION_MODE = wholemodule;
				SWIFT_OPTIMIZATION_LEVEL = "-O";
				VALIDATE_PRODUCT = YES;
			};
			name = Release;
		};
		F1761C9421654FDA00AC5551 /* Debug */ = {
			isa = XCBuildConfiguration;
			buildSettings = {
				ASSETCATALOG_COMPILER_APPICON_NAME = AppIcon;
				CODE_SIGN_STYLE = Automatic;
				DEVELOPMENT_TEAM = 5KBWP959TD;
				INFOPLIST_FILE = "$(SRCROOT)/Scatter and Gather Annimations/Resources/Info.plist";
				LD_RUNPATH_SEARCH_PATHS = (
					"$(inherited)",
					"@executable_path/Frameworks",
				);
				PRODUCT_BUNDLE_IDENTIFIER = "com.expertservices.Scatter-and-Gather-Annimations";
				PRODUCT_NAME = "$(TARGET_NAME)";
				SWIFT_VERSION = 4.2;
				TARGETED_DEVICE_FAMILY = "1,2";
			};
			name = Debug;
		};
		F1761C9521654FDA00AC5551 /* Release */ = {
			isa = XCBuildConfiguration;
			buildSettings = {
				ASSETCATALOG_COMPILER_APPICON_NAME = AppIcon;
				CODE_SIGN_STYLE = Automatic;
				DEVELOPMENT_TEAM = 5KBWP959TD;
				INFOPLIST_FILE = "$(SRCROOT)/Scatter and Gather Annimations/Resources/Info.plist";
				LD_RUNPATH_SEARCH_PATHS = (
					"$(inherited)",
					"@executable_path/Frameworks",
				);
				PRODUCT_BUNDLE_IDENTIFIER = "com.expertservices.Scatter-and-Gather-Annimations";
				PRODUCT_NAME = "$(TARGET_NAME)";
				SWIFT_VERSION = 4.2;
				TARGETED_DEVICE_FAMILY = "1,2";
			};
			name = Release;
		};
/* End XCBuildConfiguration section */

/* Begin XCConfigurationList section */
		F1761C7C21654FD900AC5551 /* Build configuration list for PBXProject "Scatter and Gather Annimations" */ = {
			isa = XCConfigurationList;
			buildConfigurations = (
				F1761C9121654FDA00AC5551 /* Debug */,
				F1761C9221654FDA00AC5551 /* Release */,
			);
			defaultConfigurationIsVisible = 0;
			defaultConfigurationName = Release;
		};
		F1761C9321654FDA00AC5551 /* Build configuration list for PBXNativeTarget "Scatter and Gather Annimations" */ = {
			isa = XCConfigurationList;
			buildConfigurations = (
				F1761C9421654FDA00AC5551 /* Debug */,
				F1761C9521654FDA00AC5551 /* Release */,
			);
			defaultConfigurationIsVisible = 0;
			defaultConfigurationName = Release;
		};
/* End XCConfigurationList section */
	};
	rootObject = F1761C7921654FD900AC5551 /* Project object */;
}
